// !$*UTF8*$!
{
	archiveVersion = 1;
	classes = {
	};
	objectVersion = 51;
	objects = {

/* Begin PBXBuildFile section */
		8C5482704A776859800EE246 /* Pods_Todoey.framework in Frameworks */ = {isa = PBXBuildFile; fileRef = BA68ABBB7E4EF3C4CD6C291E /* Pods_Todoey.framework */; };
		CE3D44F622E802F800E66FD2 /* DataModel.xcdatamodeld in Sources */ = {isa = PBXBuildFile; fileRef = CE3D44F422E802F800E66FD2 /* DataModel.xcdatamodeld */; };
		CE3D44F822EC144F00E66FD2 /* CategoryViewController.swift in Sources */ = {isa = PBXBuildFile; fileRef = CE3D44F722EC144F00E66FD2 /* CategoryViewController.swift */; };
		CE61758122DE982F00EE7E87 /* AppDelegate.swift in Sources */ = {isa = PBXBuildFile; fileRef = CE61758022DE982F00EE7E87 /* AppDelegate.swift */; };
		CE61758322DE982F00EE7E87 /* TodoListViewController.swift in Sources */ = {isa = PBXBuildFile; fileRef = CE61758222DE982F00EE7E87 /* TodoListViewController.swift */; };
		CE61758622DE982F00EE7E87 /* Main.storyboard in Resources */ = {isa = PBXBuildFile; fileRef = CE61758422DE982F00EE7E87 /* Main.storyboard */; };
		CE61758822DE983000EE7E87 /* Assets.xcassets in Resources */ = {isa = PBXBuildFile; fileRef = CE61758722DE983000EE7E87 /* Assets.xcassets */; };
		CE61758B22DE983000EE7E87 /* LaunchScreen.storyboard in Resources */ = {isa = PBXBuildFile; fileRef = CE61758922DE983000EE7E87 /* LaunchScreen.storyboard */; };
		CEE3E4B822F90F6400B9972E /* Data.swift in Sources */ = {isa = PBXBuildFile; fileRef = CEE3E4B722F90F6400B9972E /* Data.swift */; };
/* End PBXBuildFile section */

/* Begin PBXFileReference section */
		305A14866B327205DACC6E5E /* Pods-Todoey.debug.xcconfig */ = {isa = PBXFileReference; includeInIndex = 1; lastKnownFileType = text.xcconfig; name = "Pods-Todoey.debug.xcconfig"; path = "Target Support Files/Pods-Todoey/Pods-Todoey.debug.xcconfig"; sourceTree = "<group>"; };
		579AB64EA071A95AD32C42F4 /* Pods-Todoey.release.xcconfig */ = {isa = PBXFileReference; includeInIndex = 1; lastKnownFileType = text.xcconfig; name = "Pods-Todoey.release.xcconfig"; path = "Target Support Files/Pods-Todoey/Pods-Todoey.release.xcconfig"; sourceTree = "<group>"; };
		BA68ABBB7E4EF3C4CD6C291E /* Pods_Todoey.framework */ = {isa = PBXFileReference; explicitFileType = wrapper.framework; includeInIndex = 0; path = Pods_Todoey.framework; sourceTree = BUILT_PRODUCTS_DIR; };
		CE3D44F522E802F800E66FD2 /* DataModel.xcdatamodel */ = {isa = PBXFileReference; lastKnownFileType = wrapper.xcdatamodel; path = DataModel.xcdatamodel; sourceTree = "<group>"; };
		CE3D44F722EC144F00E66FD2 /* CategoryViewController.swift */ = {isa = PBXFileReference; lastKnownFileType = sourcecode.swift; path = CategoryViewController.swift; sourceTree = "<group>"; };
		CE61757D22DE982F00EE7E87 /* Todoey.app */ = {isa = PBXFileReference; explicitFileType = wrapper.application; includeInIndex = 0; path = Todoey.app; sourceTree = BUILT_PRODUCTS_DIR; };
		CE61758022DE982F00EE7E87 /* AppDelegate.swift */ = {isa = PBXFileReference; lastKnownFileType = sourcecode.swift; path = AppDelegate.swift; sourceTree = "<group>"; };
		CE61758222DE982F00EE7E87 /* TodoListViewController.swift */ = {isa = PBXFileReference; lastKnownFileType = sourcecode.swift; path = TodoListViewController.swift; sourceTree = "<group>"; };
		CE61758522DE982F00EE7E87 /* Base */ = {isa = PBXFileReference; lastKnownFileType = file.storyboard; name = Base; path = Base.lproj/Main.storyboard; sourceTree = "<group>"; };
		CE61758722DE983000EE7E87 /* Assets.xcassets */ = {isa = PBXFileReference; lastKnownFileType = folder.assetcatalog; path = Assets.xcassets; sourceTree = "<group>"; };
		CE61758A22DE983000EE7E87 /* Base */ = {isa = PBXFileReference; lastKnownFileType = file.storyboard; name = Base; path = Base.lproj/LaunchScreen.storyboard; sourceTree = "<group>"; };
		CE61758C22DE983000EE7E87 /* Info.plist */ = {isa = PBXFileReference; lastKnownFileType = text.plist.xml; path = Info.plist; sourceTree = "<group>"; };
		CEE3E4B722F90F6400B9972E /* Data.swift */ = {isa = PBXFileReference; lastKnownFileType = sourcecode.swift; path = Data.swift; sourceTree = "<group>"; };
/* End PBXFileReference section */

/* Begin PBXFrameworksBuildPhase section */
		CE61757A22DE982F00EE7E87 /* Frameworks */ = {
			isa = PBXFrameworksBuildPhase;
			buildActionMask = 2147483647;
			files = (
				8C5482704A776859800EE246 /* Pods_Todoey.framework in Frameworks */,
			);
			runOnlyForDeploymentPostprocessing = 0;
		};
/* End PBXFrameworksBuildPhase section */

/* Begin PBXGroup section */
		12547F36EB017C3B5456BBFF /* Frameworks */ = {
			isa = PBXGroup;
			children = (
				BA68ABBB7E4EF3C4CD6C291E /* Pods_Todoey.framework */,
			);
			name = Frameworks;
			sourceTree = "<group>";
		};
		1D654E02F085771111BE8F94 /* Pods */ = {
			isa = PBXGroup;
			children = (
				305A14866B327205DACC6E5E /* Pods-Todoey.debug.xcconfig */,
				579AB64EA071A95AD32C42F4 /* Pods-Todoey.release.xcconfig */,
			);
			path = Pods;
			sourceTree = "<group>";
		};
		CE3D44CC22E6A83300E66FD2 /* Data Model */ = {
			isa = PBXGroup;
			children = (
				CE3D44F422E802F800E66FD2 /* DataModel.xcdatamodeld */,
				CEE3E4B722F90F6400B9972E /* Data.swift */,
			);
			path = "Data Model";
			sourceTree = "<group>";
		};
		CE3D44CD22E6A85200E66FD2 /* Controllers */ = {
			isa = PBXGroup;
			children = (
				CE3D44F722EC144F00E66FD2 /* CategoryViewController.swift */,
				CE61758222DE982F00EE7E87 /* TodoListViewController.swift */,
			);
			path = Controllers;
			sourceTree = "<group>";
		};
		CE3D44CE22E6A88800E66FD2 /* Views */ = {
			isa = PBXGroup;
			children = (
				CE61758422DE982F00EE7E87 /* Main.storyboard */,
			);
			path = Views;
			sourceTree = "<group>";
		};
		CE3D44CF22E6A8A000E66FD2 /* Supporting Files */ = {
			isa = PBXGroup;
			children = (
				CE61758722DE983000EE7E87 /* Assets.xcassets */,
				CE61758922DE983000EE7E87 /* LaunchScreen.storyboard */,
			);
			path = "Supporting Files";
			sourceTree = "<group>";
		};
		CE61757422DE982F00EE7E87 = {
			isa = PBXGroup;
			children = (
				CE61757F22DE982F00EE7E87 /* Todoey */,
				CE61757E22DE982F00EE7E87 /* Products */,
				1D654E02F085771111BE8F94 /* Pods */,
				12547F36EB017C3B5456BBFF /* Frameworks */,
			);
			sourceTree = "<group>";
		};
		CE61757E22DE982F00EE7E87 /* Products */ = {
			isa = PBXGroup;
			children = (
				CE61757D22DE982F00EE7E87 /* Todoey.app */,
			);
			name = Products;
			sourceTree = "<group>";
		};
		CE61757F22DE982F00EE7E87 /* Todoey */ = {
			isa = PBXGroup;
			children = (
				CE61758022DE982F00EE7E87 /* AppDelegate.swift */,
				CE3D44CD22E6A85200E66FD2 /* Controllers */,
				CE3D44CC22E6A83300E66FD2 /* Data Model */,
				CE3D44CE22E6A88800E66FD2 /* Views */,
				CE3D44CF22E6A8A000E66FD2 /* Supporting Files */,
				CE61758C22DE983000EE7E87 /* Info.plist */,
			);
			path = Todoey;
			sourceTree = "<group>";
		};
/* End PBXGroup section */

/* Begin PBXNativeTarget section */
		CE61757C22DE982F00EE7E87 /* Todoey */ = {
			isa = PBXNativeTarget;
			buildConfigurationList = CE61758F22DE983000EE7E87 /* Build configuration list for PBXNativeTarget "Todoey" */;
			buildPhases = (
				4C98D5A2C4448ECE6C1F526F /* [CP] Check Pods Manifest.lock */,
				CE61757922DE982F00EE7E87 /* Sources */,
				CE61757A22DE982F00EE7E87 /* Frameworks */,
				CE61757B22DE982F00EE7E87 /* Resources */,
				E2E34310E4950D06D78FEEAE /* [CP] Embed Pods Frameworks */,
			);
			buildRules = (
			);
			dependencies = (
			);
			name = Todoey;
			productName = Todoey;
			productReference = CE61757D22DE982F00EE7E87 /* Todoey.app */;
			productType = "com.apple.product-type.application";
		};
/* End PBXNativeTarget section */

/* Begin PBXProject section */
		CE61757522DE982F00EE7E87 /* Project object */ = {
			isa = PBXProject;
			attributes = {
				LastSwiftUpdateCheck = 1020;
				LastUpgradeCheck = 1020;
				ORGANIZATIONNAME = "Ed Curran";
				TargetAttributes = {
					CE61757C22DE982F00EE7E87 = {
						CreatedOnToolsVersion = 10.2.1;
					};
				};
			};
			buildConfigurationList = CE61757822DE982F00EE7E87 /* Build configuration list for PBXProject "Todoey" */;
			compatibilityVersion = "Xcode 9.3";
			developmentRegion = en;
			hasScannedForEncodings = 0;
			knownRegions = (
				en,
				Base,
			);
			mainGroup = CE61757422DE982F00EE7E87;
			productRefGroup = CE61757E22DE982F00EE7E87 /* Products */;
			projectDirPath = "";
			projectRoot = "";
			targets = (
				CE61757C22DE982F00EE7E87 /* Todoey */,
			);
		};
/* End PBXProject section */

/* Begin PBXResourcesBuildPhase section */
		CE61757B22DE982F00EE7E87 /* Resources */ = {
			isa = PBXResourcesBuildPhase;
			buildActionMask = 2147483647;
			files = (
				CE61758B22DE983000EE7E87 /* LaunchScreen.storyboard in Resources */,
				CE61758822DE983000EE7E87 /* Assets.xcassets in Resources */,
				CE61758622DE982F00EE7E87 /* Main.storyboard in Resources */,
			);
			runOnlyForDeploymentPostprocessing = 0;
		};
/* End PBXResourcesBuildPhase section */

/* Begin PBXShellScriptBuildPhase section */
		4C98D5A2C4448ECE6C1F526F /* [CP] Check Pods Manifest.lock */ = {
			isa = PBXShellScriptBuildPhase;
			buildActionMask = 2147483647;
			files = (
			);
			inputFileListPaths = (
			);
			inputPaths = (
				"${PODS_PODFILE_DIR_PATH}/Podfile.lock",
				"${PODS_ROOT}/Manifest.lock",
			);
			name = "[CP] Check Pods Manifest.lock";
			outputFileListPaths = (
			);
			outputPaths = (
				"$(DERIVED_FILE_DIR)/Pods-Todoey-checkManifestLockResult.txt",
			);
			runOnlyForDeploymentPostprocessing = 0;
			shellPath = /bin/sh;
			shellScript = "diff \"${PODS_PODFILE_DIR_PATH}/Podfile.lock\" \"${PODS_ROOT}/Manifest.lock\" > /dev/null\nif [ $? != 0 ] ; then\n    # print error to STDERR\n    echo \"error: The sandbox is not in sync with the Podfile.lock. Run 'pod install' or update your CocoaPods installation.\" >&2\n    exit 1\nfi\n# This output is used by Xcode 'outputs' to avoid re-running this script phase.\necho \"SUCCESS\" > \"${SCRIPT_OUTPUT_FILE_0}\"\n";
			showEnvVarsInLog = 0;
		};
		E2E34310E4950D06D78FEEAE /* [CP] Embed Pods Frameworks */ = {
			isa = PBXShellScriptBuildPhase;
			buildActionMask = 2147483647;
			files = (
			);
			inputFileListPaths = (
				"${PODS_ROOT}/Target Support Files/Pods-Todoey/Pods-Todoey-frameworks-${CONFIGURATION}-input-files.xcfilelist",
			);
			name = "[CP] Embed Pods Frameworks";
			outputFileListPaths = (
				"${PODS_ROOT}/Target Support Files/Pods-Todoey/Pods-Todoey-frameworks-${CONFIGURATION}-output-files.xcfilelist",
			);
			runOnlyForDeploymentPostprocessing = 0;
			shellPath = /bin/sh;
			shellScript = "\"${PODS_ROOT}/Target Support Files/Pods-Todoey/Pods-Todoey-frameworks.sh\"\n";
			showEnvVarsInLog = 0;
		};
/* End PBXShellScriptBuildPhase section */

/* Begin PBXSourcesBuildPhase section */
		CE61757922DE982F00EE7E87 /* Sources */ = {
			isa = PBXSourcesBuildPhase;
			buildActionMask = 2147483647;
			files = (
				CE3D44F822EC144F00E66FD2 /* CategoryViewController.swift in Sources */,
				CEE3E4B822F90F6400B9972E /* Data.swift in Sources */,
				CE61758322DE982F00EE7E87 /* TodoListViewController.swift in Sources */,
				CE3D44F622E802F800E66FD2 /* DataModel.xcdatamodeld in Sources */,
				CE61758122DE982F00EE7E87 /* AppDelegate.swift in Sources */,
			);
			runOnlyForDeploymentPostprocessing = 0;
		};
/* End PBXSourcesBuildPhase section */

/* Begin PBXVariantGroup section */
		CE61758422DE982F00EE7E87 /* Main.storyboard */ = {
			isa = PBXVariantGroup;
			children = (
				CE61758522DE982F00EE7E87 /* Base */,
			);
			name = Main.storyboard;
			sourceTree = "<group>";
		};
		CE61758922DE983000EE7E87 /* LaunchScreen.storyboard */ = {
			isa = PBXVariantGroup;
			children = (
				CE61758A22DE983000EE7E87 /* Base */,
			);
			name = LaunchScreen.storyboard;
			sourceTree = "<group>";
		};
/* End PBXVariantGroup section */

/* Begin XCBuildConfiguration section */
		CE61758D22DE983000EE7E87 /* Debug */ = {
			isa = XCBuildConfiguration;
			buildSettings = {
				ALWAYS_SEARCH_USER_PATHS = NO;
				CLANG_ANALYZER_NONNULL = YES;
				CLANG_ANALYZER_NUMBER_OBJECT_CONVERSION = YES_AGGRESSIVE;
				CLANG_CXX_LANGUAGE_STANDARD = "gnu++14";
				CLANG_CXX_LIBRARY = "libc++";
				CLANG_ENABLE_MODULES = YES;
				CLANG_ENABLE_OBJC_ARC = YES;
				CLANG_ENABLE_OBJC_WEAK = YES;
				CLANG_WARN_BLOCK_CAPTURE_AUTORELEASING = YES;
				CLANG_WARN_BOOL_CONVERSION = YES;
				CLANG_WARN_COMMA = YES;
				CLANG_WARN_CONSTANT_CONVERSION = YES;
				CLANG_WARN_DEPRECATED_OBJC_IMPLEMENTATIONS = YES;
				CLANG_WARN_DIRECT_OBJC_ISA_USAGE = YES_ERROR;
				CLANG_WARN_DOCUMENTATION_COMMENTS = YES;
				CLANG_WARN_EMPTY_BODY = YES;
				CLANG_WARN_ENUM_CONVERSION = YES;
				CLANG_WARN_INFINITE_RECURSION = YES;
				CLANG_WARN_INT_CONVERSION = YES;
				CLANG_WARN_NON_LITERAL_NULL_CONVERSION = YES;
				CLANG_WARN_OBJC_IMPLICIT_RETAIN_SELF = YES;
				CLANG_WARN_OBJC_LITERAL_CONVERSION = YES;
				CLANG_WARN_OBJC_ROOT_CLASS = YES_ERROR;
				CLANG_WARN_RANGE_LOOP_ANALYSIS = YES;
				CLANG_WARN_STRICT_PROTOTYPES = YES;
				CLANG_WARN_SUSPICIOUS_MOVE = YES;
				CLANG_WARN_UNGUARDED_AVAILABILITY = YES_AGGRESSIVE;
				CLANG_WARN_UNREACHABLE_CODE = YES;
				CLANG_WARN__DUPLICATE_METHOD_MATCH = YES;
				CODE_SIGN_IDENTITY = "iPhone Developer";
				COPY_PHASE_STRIP = NO;
				DEBUG_INFORMATION_FORMAT = dwarf;
				ENABLE_STRICT_OBJC_MSGSEND = YES;
				ENABLE_TESTABILITY = YES;
				GCC_C_LANGUAGE_STANDARD = gnu11;
				GCC_DYNAMIC_NO_PIC = NO;
				GCC_NO_COMMON_BLOCKS = YES;
				GCC_OPTIMIZATION_LEVEL = 0;
				GCC_PREPROCESSOR_DEFINITIONS = (
					"DEBUG=1",
					"$(inherited)",
				);
				GCC_WARN_64_TO_32_BIT_CONVERSION = YES;
				GCC_WARN_ABOUT_RETURN_TYPE = YES_ERROR;
				GCC_WARN_UNDECLARED_SELECTOR = YES;
				GCC_WARN_UNINITIALIZED_AUTOS = YES_AGGRESSIVE;
				GCC_WARN_UNUSED_FUNCTION = YES;
				GCC_WARN_UNUSED_VARIABLE = YES;
				IPHONEOS_DEPLOYMENT_TARGET = 12.2;
				MTL_ENABLE_DEBUG_INFO = INCLUDE_SOURCE;
				MTL_FAST_MATH = YES;
				ONLY_ACTIVE_ARCH = YES;
				SDKROOT = iphoneos;
				SWIFT_ACTIVE_COMPILATION_CONDITIONS = DEBUG;
				SWIFT_OPTIMIZATION_LEVEL = "-Onone";
			};
			name = Debug;
		};
		CE61758E22DE983000EE7E87 /* Release */ = {
			isa = XCBuildConfiguration;
			buildSettings = {
				ALWAYS_SEARCH_USER_PATHS = NO;
				CLANG_ANALYZER_NONNULL = YES;
				CLANG_ANALYZER_NUMBER_OBJECT_CONVERSION = YES_AGGRESSIVE;
				CLANG_CXX_LANGUAGE_STANDARD = "gnu++14";
				CLANG_CXX_LIBRARY = "libc++";
				CLANG_ENABLE_MODULES = YES;
				CLANG_ENABLE_OBJC_ARC = YES;
				CLANG_ENABLE_OBJC_WEAK = YES;
				CLANG_WARN_BLOCK_CAPTURE_AUTORELEASING = YES;
				CLANG_WARN_BOOL_CONVERSION = YES;
				CLANG_WARN_COMMA = YES;
				CLANG_WARN_CONSTANT_CONVERSION = YES;
				CLANG_WARN_DEPRECATED_OBJC_IMPLEMENTATIONS = YES;
				CLANG_WARN_DIRECT_OBJC_ISA_USAGE = YES_ERROR;
				CLANG_WARN_DOCUMENTATION_COMMENTS = YES;
				CLANG_WARN_EMPTY_BODY = YES;
				CLANG_WARN_ENUM_CONVERSION = YES;
				CLANG_WARN_INFINITE_RECURSION = YES;
				CLANG_WARN_INT_CONVERSION = YES;
				CLANG_WARN_NON_LITERAL_NULL_CONVERSION = YES;
				CLANG_WARN_OBJC_IMPLICIT_RETAIN_SELF = YES;
				CLANG_WARN_OBJC_LITERAL_CONVERSION = YES;
				CLANG_WARN_OBJC_ROOT_CLASS = YES_ERROR;
				CLANG_WARN_RANGE_LOOP_ANALYSIS = YES;
				CLANG_WARN_STRICT_PROTOTYPES = YES;
				CLANG_WARN_SUSPICIOUS_MOVE = YES;
				CLANG_WARN_UNGUARDED_AVAILABILITY = YES_AGGRESSIVE;
				CLANG_WARN_UNREACHABLE_CODE = YES;
				CLANG_WARN__DUPLICATE_METHOD_MATCH = YES;
				CODE_SIGN_IDENTITY = "iPhone Developer";
				COPY_PHASE_STRIP = NO;
				DEBUG_INFORMATION_FORMAT = "dwarf-with-dsym";
				ENABLE_NS_ASSERTIONS = NO;
				ENABLE_STRICT_OBJC_MSGSEND = YES;
				GCC_C_LANGUAGE_STANDARD = gnu11;
				GCC_NO_COMMON_BLOCKS = YES;
				GCC_WARN_64_TO_32_BIT_CONVERSION = YES;
				GCC_WARN_ABOUT_RETURN_TYPE = YES_ERROR;
				GCC_WARN_UNDECLARED_SELECTOR = YES;
				GCC_WARN_UNINITIALIZED_AUTOS = YES_AGGRESSIVE;
				GCC_WARN_UNUSED_FUNCTION = YES;
				GCC_WARN_UNUSED_VARIABLE = YES;
				IPHONEOS_DEPLOYMENT_TARGET = 12.2;
				MTL_ENABLE_DEBUG_INFO = NO;
				MTL_FAST_MATH = YES;
				SDKROOT = iphoneos;
				SWIFT_COMPILATION_MODE = wholemodule;
				SWIFT_OPTIMIZATION_LEVEL = "-O";
				VALIDATE_PRODUCT = YES;
			};
			name = Release;
		};
		CE61759022DE983000EE7E87 /* Debug */ = {
			isa = XCBuildConfiguration;
			baseConfigurationReference = 305A14866B327205DACC6E5E /* Pods-Todoey.debug.xcconfig */;
			buildSettings = {
				ASSETCATALOG_COMPILER_APPICON_NAME = AppIcon;
				CODE_SIGN_STYLE = Automatic;
				DEVELOPMENT_TEAM = LCFZWD2T3V;
				INFOPLIST_FILE = Todoey/Info.plist;
				LD_RUNPATH_SEARCH_PATHS = (
					"$(inherited)",
					"@executable_path/Frameworks",
				);
				PRODUCT_BUNDLE_IDENTIFIER = com.edcurran.Todoey;
				PRODUCT_NAME = "$(TARGET_NAME)";
				SWIFT_VERSION = 5.0;
				TARGETED_DEVICE_FAMILY = "1,2";
			};
			name = Debug;
		};
		CE61759122DE983000EE7E87 /* Release */ = {
			isa = XCBuildConfiguration;
			baseConfigurationReference = 579AB64EA071A95AD32C42F4 /* Pods-Todoey.release.xcconfig */;
			buildSettings = {
				ASSETCATALOG_COMPILER_APPICON_NAME = AppIcon;
				CODE_SIGN_STYLE = Automatic;
				DEVELOPMENT_TEAM = LCFZWD2T3V;
				INFOPLIST_FILE = Todoey/Info.plist;
				LD_RUNPATH_SEARCH_PATHS = (
					"$(inherited)",
					"@executable_path/Frameworks",
				);
				PRODUCT_BUNDLE_IDENTIFIER = com.edcurran.Todoey;
				PRODUCT_NAME = "$(TARGET_NAME)";
				SWIFT_VERSION = 5.0;
				TARGETED_DEVICE_FAMILY = "1,2";
			};
			name = Release;
		};
/* End XCBuildConfiguration section */

/* Begin XCConfigurationList section */
		CE61757822DE982F00EE7E87 /* Build configuration list for PBXProject "Todoey" */ = {
			isa = XCConfigurationList;
			buildConfigurations = (
				CE61758D22DE983000EE7E87 /* Debug */,
				CE61758E22DE983000EE7E87 /* Release */,
			);
			defaultConfigurationIsVisible = 0;
			defaultConfigurationName = Release;
		};
		CE61758F22DE983000EE7E87 /* Build configuration list for PBXNativeTarget "Todoey" */ = {
			isa = XCConfigurationList;
			buildConfigurations = (
				CE61759022DE983000EE7E87 /* Debug */,
				CE61759122DE983000EE7E87 /* Release */,
			);
			defaultConfigurationIsVisible = 0;
			defaultConfigurationName = Release;
		};
/* End XCConfigurationList section */

/* Begin XCVersionGroup section */
		CE3D44F422E802F800E66FD2 /* DataModel.xcdatamodeld */ = {
			isa = XCVersionGroup;
			children = (
				CE3D44F522E802F800E66FD2 /* DataModel.xcdatamodel */,
			);
			currentVersion = CE3D44F522E802F800E66FD2 /* DataModel.xcdatamodel */;
			path = DataModel.xcdatamodeld;
			sourceTree = "<group>";
			versionGroupType = wrapper.xcdatamodel;
		};
/* End XCVersionGroup section */
	};
	rootObject = CE61757522DE982F00EE7E87 /* Project object */;
}
